
Microsoft Visual Studio Solution File, Format Version 12.00
# Visual Studio 15
VisualStudioVersion = 15.0.28307.1738
MinimumVisualStudioVersion = 10.0.40219.1
Project("{FAE04EC0-301F-11D3-BF4B-00C04F79EFBC}") = "QLDienMay", "QLDienMay\QLDienMay.csproj", "{AA239B3C-6D54-43AC-BAE5-1FA2CAF7862D}"
EndProject
Global
	GlobalSection(SolutionConfigurationPlatforms) = preSolution
		Debug|Any CPU = Debug|Any CPU
		Release|Any CPU = Release|Any CPU
	EndGlobalSection
	GlobalSection(ProjectConfigurationPlatforms) = postSolution
		{AA239B3C-6D54-43AC-BAE5-1FA2CAF7862D}.Debug|Any CPU.ActiveCfg = Debug|Any CPU
		{AA239B3C-6D54-43AC-BAE5-1FA2CAF7862D}.Debug|Any CPU.Build.0 = Debug|Any CPU
		{AA239B3C-6D54-43AC-BAE5-1FA2CAF7862D}.Release|Any CPU.ActiveCfg = Release|Any CPU
		{AA239B3C-6D54-43AC-BAE5-1FA2CAF7862D}.Release|Any CPU.Build.0 = Release|Any CPU
	EndGlobalSection
	GlobalSection(SolutionProperties) = preSolution
		HideSolutionNode = FALSE
	EndGlobalSection
	GlobalSection(ExtensibilityGlobals) = postSolution
		SolutionGuid = {B84013E5-37DC-44B0-80A0-8A1F25A459D3}
	EndGlobalSection
EndGlobal
